
Microsoft Visual Studio Solution File, Format Version 12.00
# Visual Studio Version 17
VisualStudioVersion = 17.2.32526.322
MinimumVisualStudioVersion = 10.0.40219.1
Project("{FAE04EC0-301F-11D3-BF4B-00C04F79EFBC}") = "FlightBooking.Console", "FlightBookingConsole\FlightBooking.Console.csproj", "{EA075571-C5B7-4C0E-B0AC-7CCCBD1B2552}"
EndProject
Project("{FAE04EC0-301F-11D3-BF4B-00C04F79EFBC}") = "FlightBooking.Core", "FlightBooking.Core\FlightBooking.Core.csproj", "{22F6B34B-9154-4944-B1FD-D5564E250AE9}"
EndProject
Project("{FAE04EC0-301F-11D3-BF4B-00C04F79EFBC}") = "FlightBooking.Core.Tests", "FlightBooking.Core.Tests\FlightBooking.Core.Tests.csproj", "{792C4E43-18D0-47C2-9A53-266E47DA261E}"
EndProject
Project("{FAE04EC0-301F-11D3-BF4B-00C04F79EFBC}") = "FlightBooking.Manager", "FlightBooking.Manager\FlightBooking.Manager.csproj", "{F2F7B14F-529A-41AB-A703-D96606F8B350}"
EndProject
Project("{FAE04EC0-301F-11D3-BF4B-00C04F79EFBC}") = "FlightBooking.UserInterface", "FlightBooking.UserInterface\FlightBooking.UserInterface.csproj", "{EE285E3E-9707-4E65-BC47-F0B509A08FCD}"
EndProject
Project("{FAE04EC0-301F-11D3-BF4B-00C04F79EFBC}") = "FlightBooking.Manager.Tests", "FlightBooking.Manager.Tests\FlightBooking.Manager.Tests.csproj", "{4470497F-BACA-46D5-A469-59EC5065A324}"
EndProject
Project("{FAE04EC0-301F-11D3-BF4B-00C04F79EFBC}") = "FlightBooking.Tests.Base", "FlightBooking.Tests.Base\FlightBooking.Tests.Base.csproj", "{339919DA-8E38-4E84-9A79-42318E53DFA8}"
EndProject
Project("{2150E333-8FDC-42A3-9474-1A3956D46DE8}") = "UnitTests", "UnitTests", "{8A24694A-BC10-4B7A-BD25-7A533C3083FB}"
EndProject
Project("{2150E333-8FDC-42A3-9474-1A3956D46DE8}") = "FlightBookingCore", "FlightBookingCore", "{6F98F2E4-8511-4D31-BA5C-57EC08E9324E}"
EndProject
Project("{2150E333-8FDC-42A3-9474-1A3956D46DE8}") = "FlightBookingView", "FlightBookingView", "{CC427A7B-5078-469C-B363-2C385A1A4344}"
EndProject
Project("{FAE04EC0-301F-11D3-BF4B-00C04F79EFBC}") = "FlightBooking.Entities", "FlightBooking.Entities\FlightBooking.Entities.csproj", "{1E006604-66ED-4114-80B0-DD0413A80180}"
EndProject
Project("{FAE04EC0-301F-11D3-BF4B-00C04F79EFBC}") = "FlightBooking.BaggageCalculator", "FlightBooking.BaggageCalculator\FlightBooking.BaggageCalculator.csproj", "{341A703B-A029-4D3A-82A3-C33AC7FF0F50}"
EndProject
Global
	GlobalSection(SolutionConfigurationPlatforms) = preSolution
		Debug|Any CPU = Debug|Any CPU
		Release|Any CPU = Release|Any CPU
	EndGlobalSection
	GlobalSection(ProjectConfigurationPlatforms) = postSolution
		{EA075571-C5B7-4C0E-B0AC-7CCCBD1B2552}.Debug|Any CPU.ActiveCfg = Debug|Any CPU
		{EA075571-C5B7-4C0E-B0AC-7CCCBD1B2552}.Debug|Any CPU.Build.0 = Debug|Any CPU
		{EA075571-C5B7-4C0E-B0AC-7CCCBD1B2552}.Release|Any CPU.ActiveCfg = Release|Any CPU
		{EA075571-C5B7-4C0E-B0AC-7CCCBD1B2552}.Release|Any CPU.Build.0 = Release|Any CPU
		{22F6B34B-9154-4944-B1FD-D5564E250AE9}.Debug|Any CPU.ActiveCfg = Debug|Any CPU
		{22F6B34B-9154-4944-B1FD-D5564E250AE9}.Debug|Any CPU.Build.0 = Debug|Any CPU
		{22F6B34B-9154-4944-B1FD-D5564E250AE9}.Release|Any CPU.ActiveCfg = Release|Any CPU
		{22F6B34B-9154-4944-B1FD-D5564E250AE9}.Release|Any CPU.Build.0 = Release|Any CPU
		{792C4E43-18D0-47C2-9A53-266E47DA261E}.Debug|Any CPU.ActiveCfg = Debug|Any CPU
		{792C4E43-18D0-47C2-9A53-266E47DA261E}.Debug|Any CPU.Build.0 = Debug|Any CPU
		{792C4E43-18D0-47C2-9A53-266E47DA261E}.Release|Any CPU.ActiveCfg = Release|Any CPU
		{792C4E43-18D0-47C2-9A53-266E47DA261E}.Release|Any CPU.Build.0 = Release|Any CPU
		{F2F7B14F-529A-41AB-A703-D96606F8B350}.Debug|Any CPU.ActiveCfg = Debug|Any CPU
		{F2F7B14F-529A-41AB-A703-D96606F8B350}.Debug|Any CPU.Build.0 = Debug|Any CPU
		{F2F7B14F-529A-41AB-A703-D96606F8B350}.Release|Any CPU.ActiveCfg = Release|Any CPU
		{F2F7B14F-529A-41AB-A703-D96606F8B350}.Release|Any CPU.Build.0 = Release|Any CPU
		{EE285E3E-9707-4E65-BC47-F0B509A08FCD}.Debug|Any CPU.ActiveCfg = Debug|Any CPU
		{EE285E3E-9707-4E65-BC47-F0B509A08FCD}.Debug|Any CPU.Build.0 = Debug|Any CPU
		{EE285E3E-9707-4E65-BC47-F0B509A08FCD}.Release|Any CPU.ActiveCfg = Release|Any CPU
		{EE285E3E-9707-4E65-BC47-F0B509A08FCD}.Release|Any CPU.Build.0 = Release|Any CPU
		{4470497F-BACA-46D5-A469-59EC5065A324}.Debug|Any CPU.ActiveCfg = Debug|Any CPU
		{4470497F-BACA-46D5-A469-59EC5065A324}.Debug|Any CPU.Build.0 = Debug|Any CPU
		{4470497F-BACA-46D5-A469-59EC5065A324}.Release|Any CPU.ActiveCfg = Release|Any CPU
		{4470497F-BACA-46D5-A469-59EC5065A324}.Release|Any CPU.Build.0 = Release|Any CPU
		{339919DA-8E38-4E84-9A79-42318E53DFA8}.Debug|Any CPU.ActiveCfg = Debug|Any CPU
		{339919DA-8E38-4E84-9A79-42318E53DFA8}.Debug|Any CPU.Build.0 = Debug|Any CPU
		{339919DA-8E38-4E84-9A79-42318E53DFA8}.Release|Any CPU.ActiveCfg = Release|Any CPU
		{339919DA-8E38-4E84-9A79-42318E53DFA8}.Release|Any CPU.Build.0 = Release|Any CPU
		{1E006604-66ED-4114-80B0-DD0413A80180}.Debug|Any CPU.ActiveCfg = Debug|Any CPU
		{1E006604-66ED-4114-80B0-DD0413A80180}.Debug|Any CPU.Build.0 = Debug|Any CPU
		{1E006604-66ED-4114-80B0-DD0413A80180}.Release|Any CPU.ActiveCfg = Release|Any CPU
		{1E006604-66ED-4114-80B0-DD0413A80180}.Release|Any CPU.Build.0 = Release|Any CPU
		{341A703B-A029-4D3A-82A3-C33AC7FF0F50}.Debug|Any CPU.ActiveCfg = Debug|Any CPU
		{341A703B-A029-4D3A-82A3-C33AC7FF0F50}.Debug|Any CPU.Build.0 = Debug|Any CPU
		{341A703B-A029-4D3A-82A3-C33AC7FF0F50}.Release|Any CPU.ActiveCfg = Release|Any CPU
		{341A703B-A029-4D3A-82A3-C33AC7FF0F50}.Release|Any CPU.Build.0 = Release|Any CPU
	EndGlobalSection
	GlobalSection(SolutionProperties) = preSolution
		HideSolutionNode = FALSE
	EndGlobalSection
	GlobalSection(NestedProjects) = preSolution
		{EA075571-C5B7-4C0E-B0AC-7CCCBD1B2552} = {CC427A7B-5078-469C-B363-2C385A1A4344}
		{22F6B34B-9154-4944-B1FD-D5564E250AE9} = {6F98F2E4-8511-4D31-BA5C-57EC08E9324E}
		{792C4E43-18D0-47C2-9A53-266E47DA261E} = {8A24694A-BC10-4B7A-BD25-7A533C3083FB}
		{F2F7B14F-529A-41AB-A703-D96606F8B350} = {6F98F2E4-8511-4D31-BA5C-57EC08E9324E}
		{EE285E3E-9707-4E65-BC47-F0B509A08FCD} = {CC427A7B-5078-469C-B363-2C385A1A4344}
		{4470497F-BACA-46D5-A469-59EC5065A324} = {8A24694A-BC10-4B7A-BD25-7A533C3083FB}
		{339919DA-8E38-4E84-9A79-42318E53DFA8} = {8A24694A-BC10-4B7A-BD25-7A533C3083FB}
		{1E006604-66ED-4114-80B0-DD0413A80180} = {6F98F2E4-8511-4D31-BA5C-57EC08E9324E}
		{341A703B-A029-4D3A-82A3-C33AC7FF0F50} = {6F98F2E4-8511-4D31-BA5C-57EC08E9324E}
	EndGlobalSection
	GlobalSection(ExtensibilityGlobals) = postSolution
		SolutionGuid = {657D5E1C-58C5-4E76-A266-0AF8C1CFAA9A}
	EndGlobalSection
EndGlobal
